
Microsoft Visual Studio Solution File, Format Version 12.00
# Visual Studio Version 17
VisualStudioVersion = 17.13.35931.197 d17.13
MinimumVisualStudioVersion = 10.0.40219.1
Project("{FAE04EC0-301F-11D3-BF4B-00C04F79EFBC}") = "AspNetCoreCrud", "AspNetCoreCrud\AspNetCoreCrud.csproj", "{5ABF99FF-7186-4F70-B29A-F03091BE6FC8}"
EndProject
Global
	GlobalSection(SolutionConfigurationPlatforms) = preSolution
		Debug|Any CPU = Debug|Any CPU
		Release|Any CPU = Release|Any CPU
	EndGlobalSection
	GlobalSection(ProjectConfigurationPlatforms) = postSolution
		{5ABF99FF-7186-4F70-B29A-F03091BE6FC8}.Debug|Any CPU.ActiveCfg = Debug|Any CPU
		{5ABF99FF-7186-4F70-B29A-F03091BE6FC8}.Debug|Any CPU.Build.0 = Debug|Any CPU
		{5ABF99FF-7186-4F70-B29A-F03091BE6FC8}.Release|Any CPU.ActiveCfg = Release|Any CPU
		{5ABF99FF-7186-4F70-B29A-F03091BE6FC8}.Release|Any CPU.Build.0 = Release|Any CPU
	EndGlobalSection
	GlobalSection(SolutionProperties) = preSolution
		HideSolutionNode = FALSE
	EndGlobalSection
	GlobalSection(ExtensibilityGlobals) = postSolution
		SolutionGuid = {23E3FD8C-920A-41F9-AC37-A030866B6D16}
	EndGlobalSection
EndGlobal
